
Microsoft Visual Studio Solution File, Format Version 12.00
# Visual Studio Version 17
VisualStudioVersion = 17.9.34728.123
MinimumVisualStudioVersion = 10.0.40219.1
Project("{9A19103F-16F7-4668-BE54-9A1E7A4F7556}") = "OKEInterviewApp", "OKEInterviewApp\OKEInterviewApp.csproj", "{D9283124-5C5C-4641-820E-186982FB47C0}"
EndProject
Project("{FAE04EC0-301F-11D3-BF4B-00C04F79EFBC}") = "OKEInterviewApp.Tests", "OKEInterviewApp.Tests\OKEInterviewApp.Tests.csproj", "{86F6A274-A476-4E83-8FFB-3E55EC220A65}"
EndProject
Global
	GlobalSection(SolutionConfigurationPlatforms) = preSolution
		Debug|Any CPU = Debug|Any CPU
		Release|Any CPU = Release|Any CPU
	EndGlobalSection
	GlobalSection(ProjectConfigurationPlatforms) = postSolution
		{D9283124-5C5C-4641-820E-186982FB47C0}.Debug|Any CPU.ActiveCfg = Debug|Any CPU
		{D9283124-5C5C-4641-820E-186982FB47C0}.Debug|Any CPU.Build.0 = Debug|Any CPU
		{D9283124-5C5C-4641-820E-186982FB47C0}.Release|Any CPU.ActiveCfg = Release|Any CPU
		{D9283124-5C5C-4641-820E-186982FB47C0}.Release|Any CPU.Build.0 = Release|Any CPU
		{86F6A274-A476-4E83-8FFB-3E55EC220A65}.Debug|Any CPU.ActiveCfg = Debug|Any CPU
		{86F6A274-A476-4E83-8FFB-3E55EC220A65}.Debug|Any CPU.Build.0 = Debug|Any CPU
		{86F6A274-A476-4E83-8FFB-3E55EC220A65}.Release|Any CPU.ActiveCfg = Release|Any CPU
		{86F6A274-A476-4E83-8FFB-3E55EC220A65}.Release|Any CPU.Build.0 = Release|Any CPU
	EndGlobalSection
	GlobalSection(SolutionProperties) = preSolution
		HideSolutionNode = FALSE
	EndGlobalSection
	GlobalSection(ExtensibilityGlobals) = postSolution
		SolutionGuid = {1DBAA9CA-AC03-4ED1-80A5-0132B79E123D}
	EndGlobalSection
EndGlobal
